
Microsoft Visual Studio Solution File, Format Version 12.00
# Visual Studio Version 17
VisualStudioVersion = 17.6.33815.320
MinimumVisualStudioVersion = 10.0.40219.1
Project("{FAE04EC0-301F-11D3-BF4B-00C04F79EFBC}") = "ServerConsole", "ServerConsole\ServerConsole.csproj", "{0595EC98-1BB4-44F2-A437-CD8E9B04654B}"
EndProject
Project("{FAE04EC0-301F-11D3-BF4B-00C04F79EFBC}") = "ClientConsole", "ClientConsole\ClientConsole.csproj", "{C8FB5132-2091-4276-9DC5-46CC885D0B49}"
EndProject
Global
	GlobalSection(SolutionConfigurationPlatforms) = preSolution
		Debug|Any CPU = Debug|Any CPU
		Release|Any CPU = Release|Any CPU
	EndGlobalSection
	GlobalSection(ProjectConfigurationPlatforms) = postSolution
		{0595EC98-1BB4-44F2-A437-CD8E9B04654B}.Debug|Any CPU.ActiveCfg = Debug|Any CPU
		{0595EC98-1BB4-44F2-A437-CD8E9B04654B}.Debug|Any CPU.Build.0 = Debug|Any CPU
		{0595EC98-1BB4-44F2-A437-CD8E9B04654B}.Release|Any CPU.ActiveCfg = Release|Any CPU
		{0595EC98-1BB4-44F2-A437-CD8E9B04654B}.Release|Any CPU.Build.0 = Release|Any CPU
		{C8FB5132-2091-4276-9DC5-46CC885D0B49}.Debug|Any CPU.ActiveCfg = Debug|Any CPU
		{C8FB5132-2091-4276-9DC5-46CC885D0B49}.Debug|Any CPU.Build.0 = Debug|Any CPU
		{C8FB5132-2091-4276-9DC5-46CC885D0B49}.Release|Any CPU.ActiveCfg = Release|Any CPU
		{C8FB5132-2091-4276-9DC5-46CC885D0B49}.Release|Any CPU.Build.0 = Release|Any CPU
	EndGlobalSection
	GlobalSection(SolutionProperties) = preSolution
		HideSolutionNode = FALSE
	EndGlobalSection
	GlobalSection(ExtensibilityGlobals) = postSolution
		SolutionGuid = {DB4C81E9-39C1-4201-B642-F6F63C638E76}
	EndGlobalSection
EndGlobal
